
Microsoft Visual Studio Solution File, Format Version 12.00
# Visual Studio Version 16
VisualStudioVersion = 16.0.29123.88
MinimumVisualStudioVersion = 10.0.40219.1
Project("{9A19103F-16F7-4668-BE54-9A1E7A4F7556}") = "Api", "Api\Api.csproj", "{18DC1204-7F84-40AB-A89A-3660A4BF7467}"
EndProject
Project("{9A19103F-16F7-4668-BE54-9A1E7A4F7556}") = "Web", "Web\Web.csproj", "{7B9F3186-D6BC-4A93-BBDA-105FCE394CC3}"
EndProject
Project("{FAE04EC0-301F-11D3-BF4B-00C04F79EFBC}") = "ConsoleApp1", "ConsoleApp1\ConsoleApp1.csproj", "{8ACA0DE9-6562-46A7-B327-C186353F9CF7}"
EndProject
Global
	GlobalSection(SolutionConfigurationPlatforms) = preSolution
		Debug|Any CPU = Debug|Any CPU
		Release|Any CPU = Release|Any CPU
	EndGlobalSection
	GlobalSection(ProjectConfigurationPlatforms) = postSolution
		{18DC1204-7F84-40AB-A89A-3660A4BF7467}.Debug|Any CPU.ActiveCfg = Debug|Any CPU
		{18DC1204-7F84-40AB-A89A-3660A4BF7467}.Debug|Any CPU.Build.0 = Debug|Any CPU
		{18DC1204-7F84-40AB-A89A-3660A4BF7467}.Release|Any CPU.ActiveCfg = Release|Any CPU
		{18DC1204-7F84-40AB-A89A-3660A4BF7467}.Release|Any CPU.Build.0 = Release|Any CPU
		{7B9F3186-D6BC-4A93-BBDA-105FCE394CC3}.Debug|Any CPU.ActiveCfg = Debug|Any CPU
		{7B9F3186-D6BC-4A93-BBDA-105FCE394CC3}.Debug|Any CPU.Build.0 = Debug|Any CPU
		{7B9F3186-D6BC-4A93-BBDA-105FCE394CC3}.Release|Any CPU.ActiveCfg = Release|Any CPU
		{7B9F3186-D6BC-4A93-BBDA-105FCE394CC3}.Release|Any CPU.Build.0 = Release|Any CPU
		{8ACA0DE9-6562-46A7-B327-C186353F9CF7}.Debug|Any CPU.ActiveCfg = Debug|Any CPU
		{8ACA0DE9-6562-46A7-B327-C186353F9CF7}.Debug|Any CPU.Build.0 = Debug|Any CPU
		{8ACA0DE9-6562-46A7-B327-C186353F9CF7}.Release|Any CPU.ActiveCfg = Release|Any CPU
		{8ACA0DE9-6562-46A7-B327-C186353F9CF7}.Release|Any CPU.Build.0 = Release|Any CPU
	EndGlobalSection
	GlobalSection(SolutionProperties) = preSolution
		HideSolutionNode = FALSE
	EndGlobalSection
	GlobalSection(ExtensibilityGlobals) = postSolution
		SolutionGuid = {FD20A777-9469-4887-8BAE-D8A374A4C9EA}
	EndGlobalSection
EndGlobal
